
Microsoft Visual Studio Solution File, Format Version 12.00
# Visual Studio Version 16
VisualStudioVersion = 16.0.31729.503
MinimumVisualStudioVersion = 10.0.40219.1
Project("{FAE04EC0-301F-11D3-BF4B-00C04F79EFBC}") = "Monoalphabetic", "Cripto2021\Monoalphabetic.csproj", "{0BE5A14C-36B1-400F-985A-C480846EEBAA}"
EndProject
Global
	GlobalSection(SolutionConfigurationPlatforms) = preSolution
		Debug|Any CPU = Debug|Any CPU
		Release|Any CPU = Release|Any CPU
	EndGlobalSection
	GlobalSection(ProjectConfigurationPlatforms) = postSolution
		{0BE5A14C-36B1-400F-985A-C480846EEBAA}.Debug|Any CPU.ActiveCfg = Debug|Any CPU
		{0BE5A14C-36B1-400F-985A-C480846EEBAA}.Debug|Any CPU.Build.0 = Debug|Any CPU
		{0BE5A14C-36B1-400F-985A-C480846EEBAA}.Release|Any CPU.ActiveCfg = Release|Any CPU
		{0BE5A14C-36B1-400F-985A-C480846EEBAA}.Release|Any CPU.Build.0 = Release|Any CPU
	EndGlobalSection
	GlobalSection(SolutionProperties) = preSolution
		HideSolutionNode = FALSE
	EndGlobalSection
	GlobalSection(ExtensibilityGlobals) = postSolution
		SolutionGuid = {61C23A89-21DE-4FC1-AB25-A409EFBE6EFB}
	EndGlobalSection
EndGlobal
